
Microsoft Visual Studio Solution File, Format Version 12.00
# Visual Studio Version 16
VisualStudioVersion = 16.0.30114.105
MinimumVisualStudioVersion = 10.0.40219.1
Project("{FAE04EC0-301F-11D3-BF4B-00C04F79EFBC}") = "LibraryX.Api", "LibraryX.Api\LibraryX.Api.csproj", "{77D25B6F-9B4E-4BA2-AF7C-E3EA6AB6EF52}"
EndProject
Global
	GlobalSection(SolutionConfigurationPlatforms) = preSolution
		Debug|Any CPU = Debug|Any CPU
		Release|Any CPU = Release|Any CPU
	EndGlobalSection
	GlobalSection(SolutionProperties) = preSolution
		HideSolutionNode = FALSE
	EndGlobalSection
	GlobalSection(ProjectConfigurationPlatforms) = postSolution
		{77D25B6F-9B4E-4BA2-AF7C-E3EA6AB6EF52}.Debug|Any CPU.ActiveCfg = Debug|Any CPU
		{77D25B6F-9B4E-4BA2-AF7C-E3EA6AB6EF52}.Debug|Any CPU.Build.0 = Debug|Any CPU
		{77D25B6F-9B4E-4BA2-AF7C-E3EA6AB6EF52}.Release|Any CPU.ActiveCfg = Release|Any CPU
		{77D25B6F-9B4E-4BA2-AF7C-E3EA6AB6EF52}.Release|Any CPU.Build.0 = Release|Any CPU
	EndGlobalSection
EndGlobal
